
Microsoft Visual Studio Solution File, Format Version 12.00
# Visual Studio 2012
Project("{FAE04EC0-301F-11D3-BF4B-00C04F79EFBC}") = "telegram-bot-pof", "telegram-bot-pof\telegram-bot-pof.csproj", "{F29E4088-ACED-400E-9578-206CCDD5A40B}"
EndProject
Global
	GlobalSection(SolutionConfigurationPlatforms) = preSolution
		Debug|x86 = Debug|x86
		Release|x86 = Release|x86
	EndGlobalSection
	GlobalSection(ProjectConfigurationPlatforms) = postSolution
		{F29E4088-ACED-400E-9578-206CCDD5A40B}.Debug|x86.ActiveCfg = Debug|x86
		{F29E4088-ACED-400E-9578-206CCDD5A40B}.Debug|x86.Build.0 = Debug|x86
		{F29E4088-ACED-400E-9578-206CCDD5A40B}.Release|x86.ActiveCfg = Release|x86
		{F29E4088-ACED-400E-9578-206CCDD5A40B}.Release|x86.Build.0 = Release|x86
	EndGlobalSection
EndGlobal
